
Microsoft Visual Studio Solution File, Format Version 12.00
# Visual Studio Version 17
VisualStudioVersion = 17.7.34031.279
MinimumVisualStudioVersion = 10.0.40219.1
Project("{FAE04EC0-301F-11D3-BF4B-00C04F79EFBC}") = "Clase_Sabado", "Clase_Sabado\Clase_Sabado.csproj", "{1F766623-C867-467D-A3B3-774FC21987D6}"
EndProject
Project("{FAE04EC0-301F-11D3-BF4B-00C04F79EFBC}") = "Entidades", "Entidades\Entidades.csproj", "{1E80F7E3-A4BF-4973-B931-0D16E09E6625}"
EndProject
Global
	GlobalSection(SolutionConfigurationPlatforms) = preSolution
		Debug|Any CPU = Debug|Any CPU
		Release|Any CPU = Release|Any CPU
	EndGlobalSection
	GlobalSection(ProjectConfigurationPlatforms) = postSolution
		{1F766623-C867-467D-A3B3-774FC21987D6}.Debug|Any CPU.ActiveCfg = Debug|Any CPU
		{1F766623-C867-467D-A3B3-774FC21987D6}.Debug|Any CPU.Build.0 = Debug|Any CPU
		{1F766623-C867-467D-A3B3-774FC21987D6}.Release|Any CPU.ActiveCfg = Release|Any CPU
		{1F766623-C867-467D-A3B3-774FC21987D6}.Release|Any CPU.Build.0 = Release|Any CPU
		{1E80F7E3-A4BF-4973-B931-0D16E09E6625}.Debug|Any CPU.ActiveCfg = Debug|Any CPU
		{1E80F7E3-A4BF-4973-B931-0D16E09E6625}.Debug|Any CPU.Build.0 = Debug|Any CPU
		{1E80F7E3-A4BF-4973-B931-0D16E09E6625}.Release|Any CPU.ActiveCfg = Release|Any CPU
		{1E80F7E3-A4BF-4973-B931-0D16E09E6625}.Release|Any CPU.Build.0 = Release|Any CPU
	EndGlobalSection
	GlobalSection(SolutionProperties) = preSolution
		HideSolutionNode = FALSE
	EndGlobalSection
	GlobalSection(ExtensibilityGlobals) = postSolution
		SolutionGuid = {FDC20ACC-5563-4C8C-9CEE-938E9C30729F}
	EndGlobalSection
EndGlobal
