
Microsoft Visual Studio Solution File, Format Version 12.00
# Visual Studio Version 17
VisualStudioVersion = 17.7.34031.279
MinimumVisualStudioVersion = 10.0.40219.1
Project("{9A19103F-16F7-4668-BE54-9A1E7A4F7556}") = "Ciclo_de_vida_Forms", "Ciclo_de_vida_Forms\Ciclo_de_vida_Forms.csproj", "{03E6A8FB-83F4-41E7-8CE5-E91DD5495AED}"
EndProject
Project("{FAE04EC0-301F-11D3-BF4B-00C04F79EFBC}") = "ClasesNegocio", "ClasesNegocio\ClasesNegocio.csproj", "{A728D2C1-F22F-4B16-BD01-87A44E4E0A1A}"
EndProject
Global
	GlobalSection(SolutionConfigurationPlatforms) = preSolution
		Debug|Any CPU = Debug|Any CPU
		Release|Any CPU = Release|Any CPU
	EndGlobalSection
	GlobalSection(ProjectConfigurationPlatforms) = postSolution
		{03E6A8FB-83F4-41E7-8CE5-E91DD5495AED}.Debug|Any CPU.ActiveCfg = Debug|Any CPU
		{03E6A8FB-83F4-41E7-8CE5-E91DD5495AED}.Debug|Any CPU.Build.0 = Debug|Any CPU
		{03E6A8FB-83F4-41E7-8CE5-E91DD5495AED}.Release|Any CPU.ActiveCfg = Release|Any CPU
		{03E6A8FB-83F4-41E7-8CE5-E91DD5495AED}.Release|Any CPU.Build.0 = Release|Any CPU
		{A728D2C1-F22F-4B16-BD01-87A44E4E0A1A}.Debug|Any CPU.ActiveCfg = Debug|Any CPU
		{A728D2C1-F22F-4B16-BD01-87A44E4E0A1A}.Debug|Any CPU.Build.0 = Debug|Any CPU
		{A728D2C1-F22F-4B16-BD01-87A44E4E0A1A}.Release|Any CPU.ActiveCfg = Release|Any CPU
		{A728D2C1-F22F-4B16-BD01-87A44E4E0A1A}.Release|Any CPU.Build.0 = Release|Any CPU
	EndGlobalSection
	GlobalSection(SolutionProperties) = preSolution
		HideSolutionNode = FALSE
	EndGlobalSection
	GlobalSection(ExtensibilityGlobals) = postSolution
		SolutionGuid = {39BC488C-D6EE-4007-9BE2-5AFEB58CD690}
	EndGlobalSection
EndGlobal
