
Microsoft Visual Studio Solution File, Format Version 12.00
# Visual Studio Version 17
VisualStudioVersion = 17.7.34031.279
MinimumVisualStudioVersion = 10.0.40219.1
Project("{FAE04EC0-301F-11D3-BF4B-00C04F79EFBC}") = "Sabado30sep", "Sabado30sep\Sabado30sep.csproj", "{65C9A9C0-E929-4DB8-B57C-8B0583152A80}"
EndProject
Project("{FAE04EC0-301F-11D3-BF4B-00C04F79EFBC}") = "Entidades", "Entidades\Entidades.csproj", "{1B15638C-C089-45C8-92BC-F96C08E0BA4C}"
EndProject
Global
	GlobalSection(SolutionConfigurationPlatforms) = preSolution
		Debug|Any CPU = Debug|Any CPU
		Release|Any CPU = Release|Any CPU
	EndGlobalSection
	GlobalSection(ProjectConfigurationPlatforms) = postSolution
		{65C9A9C0-E929-4DB8-B57C-8B0583152A80}.Debug|Any CPU.ActiveCfg = Debug|Any CPU
		{65C9A9C0-E929-4DB8-B57C-8B0583152A80}.Debug|Any CPU.Build.0 = Debug|Any CPU
		{65C9A9C0-E929-4DB8-B57C-8B0583152A80}.Release|Any CPU.ActiveCfg = Release|Any CPU
		{65C9A9C0-E929-4DB8-B57C-8B0583152A80}.Release|Any CPU.Build.0 = Release|Any CPU
		{1B15638C-C089-45C8-92BC-F96C08E0BA4C}.Debug|Any CPU.ActiveCfg = Debug|Any CPU
		{1B15638C-C089-45C8-92BC-F96C08E0BA4C}.Debug|Any CPU.Build.0 = Debug|Any CPU
		{1B15638C-C089-45C8-92BC-F96C08E0BA4C}.Release|Any CPU.ActiveCfg = Release|Any CPU
		{1B15638C-C089-45C8-92BC-F96C08E0BA4C}.Release|Any CPU.Build.0 = Release|Any CPU
	EndGlobalSection
	GlobalSection(SolutionProperties) = preSolution
		HideSolutionNode = FALSE
	EndGlobalSection
	GlobalSection(ExtensibilityGlobals) = postSolution
		SolutionGuid = {5DC466A0-82A9-4297-A232-F6BD47894FF6}
	EndGlobalSection
EndGlobal
