
Microsoft Visual Studio Solution File, Format Version 12.00
# Visual Studio Version 17
VisualStudioVersion = 17.7.34024.191
MinimumVisualStudioVersion = 10.0.40219.1
Project("{9A19103F-16F7-4668-BE54-9A1E7A4F7556}") = "Clase_01", "Clase_1\Clase_01.csproj", "{EEF640DA-9797-4FD8-9222-D442E65B5544}"
EndProject
Project("{2150E333-8FDC-42A3-9474-1A3956D46DE8}") = "Clases", "Clases", "{ECA5C418-F2F0-4F31-9915-3D3C16B479AE}"
EndProject
Project("{FAE04EC0-301F-11D3-BF4B-00C04F79EFBC}") = "Clase_02", "Clase_02\Clase_02.csproj", "{5BBFA1A2-3F56-4FC4-A869-CF74BF304598}"
EndProject
Project("{2150E333-8FDC-42A3-9474-1A3956D46DE8}") = "Guia_Ejercicios", "Guia_Ejercicios", "{5D683909-D31E-4036-9EEA-F7547FDD0BA5}"
EndProject
Project("{2150E333-8FDC-42A3-9474-1A3956D46DE8}") = "Introducción", "Introducción", "{5D5C2D76-FE3E-4A92-A864-5D472E52FF05}"
EndProject
Project("{FAE04EC0-301F-11D3-BF4B-00C04F79EFBC}") = "Ejercicio_I01", "Ejercicio_I01\Ejercicio_I01.csproj", "{98281EBF-50D8-44C2-AE3D-B3F86751A543}"
EndProject
Project("{FAE04EC0-301F-11D3-BF4B-00C04F79EFBC}") = "BibliotecaOperadores", "Operaciones\BibliotecaOperadores.csproj", "{C7BD4B83-5816-4590-A8FC-4721119C2416}"
EndProject
Project("{FAE04EC0-301F-11D3-BF4B-00C04F79EFBC}") = "Ejercicio_I02", "Ejercicio_I02\Ejercicio_I02.csproj", "{10C6FE45-32CB-4FBF-A4CC-CF0E7A292F9D}"
EndProject
Global
	GlobalSection(SolutionConfigurationPlatforms) = preSolution
		Debug|Any CPU = Debug|Any CPU
		Release|Any CPU = Release|Any CPU
	EndGlobalSection
	GlobalSection(ProjectConfigurationPlatforms) = postSolution
		{EEF640DA-9797-4FD8-9222-D442E65B5544}.Debug|Any CPU.ActiveCfg = Debug|Any CPU
		{EEF640DA-9797-4FD8-9222-D442E65B5544}.Debug|Any CPU.Build.0 = Debug|Any CPU
		{EEF640DA-9797-4FD8-9222-D442E65B5544}.Release|Any CPU.ActiveCfg = Release|Any CPU
		{EEF640DA-9797-4FD8-9222-D442E65B5544}.Release|Any CPU.Build.0 = Release|Any CPU
		{5BBFA1A2-3F56-4FC4-A869-CF74BF304598}.Debug|Any CPU.ActiveCfg = Debug|Any CPU
		{5BBFA1A2-3F56-4FC4-A869-CF74BF304598}.Debug|Any CPU.Build.0 = Debug|Any CPU
		{5BBFA1A2-3F56-4FC4-A869-CF74BF304598}.Release|Any CPU.ActiveCfg = Release|Any CPU
		{5BBFA1A2-3F56-4FC4-A869-CF74BF304598}.Release|Any CPU.Build.0 = Release|Any CPU
		{98281EBF-50D8-44C2-AE3D-B3F86751A543}.Debug|Any CPU.ActiveCfg = Debug|Any CPU
		{98281EBF-50D8-44C2-AE3D-B3F86751A543}.Debug|Any CPU.Build.0 = Debug|Any CPU
		{98281EBF-50D8-44C2-AE3D-B3F86751A543}.Release|Any CPU.ActiveCfg = Release|Any CPU
		{98281EBF-50D8-44C2-AE3D-B3F86751A543}.Release|Any CPU.Build.0 = Release|Any CPU
		{C7BD4B83-5816-4590-A8FC-4721119C2416}.Debug|Any CPU.ActiveCfg = Debug|Any CPU
		{C7BD4B83-5816-4590-A8FC-4721119C2416}.Debug|Any CPU.Build.0 = Debug|Any CPU
		{C7BD4B83-5816-4590-A8FC-4721119C2416}.Release|Any CPU.ActiveCfg = Release|Any CPU
		{C7BD4B83-5816-4590-A8FC-4721119C2416}.Release|Any CPU.Build.0 = Release|Any CPU
		{10C6FE45-32CB-4FBF-A4CC-CF0E7A292F9D}.Debug|Any CPU.ActiveCfg = Debug|Any CPU
		{10C6FE45-32CB-4FBF-A4CC-CF0E7A292F9D}.Debug|Any CPU.Build.0 = Debug|Any CPU
		{10C6FE45-32CB-4FBF-A4CC-CF0E7A292F9D}.Release|Any CPU.ActiveCfg = Release|Any CPU
		{10C6FE45-32CB-4FBF-A4CC-CF0E7A292F9D}.Release|Any CPU.Build.0 = Release|Any CPU
	EndGlobalSection
	GlobalSection(SolutionProperties) = preSolution
		HideSolutionNode = FALSE
	EndGlobalSection
	GlobalSection(NestedProjects) = preSolution
		{EEF640DA-9797-4FD8-9222-D442E65B5544} = {ECA5C418-F2F0-4F31-9915-3D3C16B479AE}
		{5BBFA1A2-3F56-4FC4-A869-CF74BF304598} = {ECA5C418-F2F0-4F31-9915-3D3C16B479AE}
		{5D5C2D76-FE3E-4A92-A864-5D472E52FF05} = {5D683909-D31E-4036-9EEA-F7547FDD0BA5}
		{98281EBF-50D8-44C2-AE3D-B3F86751A543} = {5D5C2D76-FE3E-4A92-A864-5D472E52FF05}
		{C7BD4B83-5816-4590-A8FC-4721119C2416} = {5D5C2D76-FE3E-4A92-A864-5D472E52FF05}
		{10C6FE45-32CB-4FBF-A4CC-CF0E7A292F9D} = {5D5C2D76-FE3E-4A92-A864-5D472E52FF05}
	EndGlobalSection
	GlobalSection(ExtensibilityGlobals) = postSolution
		SolutionGuid = {BF5FFE0F-5C4B-4D67-BCE3-486175B5D624}
	EndGlobalSection
EndGlobal
