
Microsoft Visual Studio Solution File, Format Version 12.00
# Visual Studio Version 17
VisualStudioVersion = 17.7.34018.315
MinimumVisualStudioVersion = 10.0.40219.1
Project("{9A19103F-16F7-4668-BE54-9A1E7A4F7556}") = "Login", "Login\Login.csproj", "{36667779-A8CC-4FEA-8F9B-CC337ABE7990}"
EndProject
Project("{FAE04EC0-301F-11D3-BF4B-00C04F79EFBC}") = "Biblioteca", "Usuario\Biblioteca.csproj", "{443CC5F5-238D-4135-B6B1-63715E0BD52E}"
EndProject
Global
	GlobalSection(SolutionConfigurationPlatforms) = preSolution
		Debug|Any CPU = Debug|Any CPU
		Release|Any CPU = Release|Any CPU
	EndGlobalSection
	GlobalSection(ProjectConfigurationPlatforms) = postSolution
		{36667779-A8CC-4FEA-8F9B-CC337ABE7990}.Debug|Any CPU.ActiveCfg = Debug|Any CPU
		{36667779-A8CC-4FEA-8F9B-CC337ABE7990}.Debug|Any CPU.Build.0 = Debug|Any CPU
		{36667779-A8CC-4FEA-8F9B-CC337ABE7990}.Release|Any CPU.ActiveCfg = Release|Any CPU
		{36667779-A8CC-4FEA-8F9B-CC337ABE7990}.Release|Any CPU.Build.0 = Release|Any CPU
		{443CC5F5-238D-4135-B6B1-63715E0BD52E}.Debug|Any CPU.ActiveCfg = Debug|Any CPU
		{443CC5F5-238D-4135-B6B1-63715E0BD52E}.Debug|Any CPU.Build.0 = Debug|Any CPU
		{443CC5F5-238D-4135-B6B1-63715E0BD52E}.Release|Any CPU.ActiveCfg = Release|Any CPU
		{443CC5F5-238D-4135-B6B1-63715E0BD52E}.Release|Any CPU.Build.0 = Release|Any CPU
	EndGlobalSection
	GlobalSection(SolutionProperties) = preSolution
		HideSolutionNode = FALSE
	EndGlobalSection
	GlobalSection(ExtensibilityGlobals) = postSolution
		SolutionGuid = {998692E2-4727-4431-B0A7-6765759CE6A7}
	EndGlobalSection
EndGlobal
